{
  "version": 4,
  "terraform_version": "1.9.5",
  "serial": 6,
  "lineage": "5f03419f-d942-e7c6-78b4-6d54ef3183a3",
  "outputs": {},
  "resources": [
    {
      "mode": "managed",
      "type": "aws_eip",
      "name": "nat",
      "provider": "provider[\"registry.terraform.io/hashicorp/aws\"]",
      "instances": [
        {
          "schema_version": 0,
          "attributes": {
            "address": null,
            "allocation_id": "eipalloc-059965fbe72b658c2",
            "arn": "arn:aws:ec2:ap-southeast-1:507737351904:elastic-ip/eipalloc-059965fbe72b658c2",
            "associate_with_private_ip": null,
            "association_id": "",
            "carrier_ip": "",
            "customer_owned_ip": "",
            "customer_owned_ipv4_pool": "",
            "domain": "vpc",
            "id": "eipalloc-059965fbe72b658c2",
            "instance": "",
            "ipam_pool_id": null,
            "network_border_group": "ap-southeast-1",
            "network_interface": "",
            "private_dns": null,
            "private_ip": "",
            "ptr_record": "",
            "public_dns": "ec2-13-215-70-122.ap-southeast-1.compute.amazonaws.com",
            "public_ip": "13.215.70.122",
            "public_ipv4_pool": "amazon",
            "region": "ap-southeast-1",
            "tags": null,
            "tags_all": {},
            "timeouts": null
          },
          "sensitive_attributes": [],
          "private": "eyJlMmJmYjczMC1lY2FhLTExZTYtOGY4OC0zNDM2M2JjN2M0YzAiOnsiZGVsZXRlIjoxODAwMDAwMDAwMDAsInJlYWQiOjkwMDAwMDAwMDAwMCwidXBkYXRlIjozMDAwMDAwMDAwMDB9fQ=="
        }
      ]
    },
    {
      "mode": "managed",
      "type": "aws_route_table",
      "name": "private",
      "provider": "provider[\"registry.terraform.io/hashicorp/aws\"]",
      "instances": [
        {
          "schema_version": 0,
          "attributes": {
            "arn": "arn:aws:ec2:ap-southeast-1:507737351904:route-table/rtb-088ed1ed202eb8df3",
            "id": "rtb-088ed1ed202eb8df3",
            "owner_id": "507737351904",
            "propagating_vgws": [],
            "region": "ap-southeast-1",
            "route": [],
            "tags": {
              "Name": "eks-private-rt"
            },
            "tags_all": {
              "Name": "eks-private-rt"
            },
            "timeouts": null,
            "vpc_id": "vpc-0f21a566eac6f5ebc"
          },
          "sensitive_attributes": [],
          "private": "eyJlMmJmYjczMC1lY2FhLTExZTYtOGY4OC0zNDM2M2JjN2M0YzAiOnsiY3JlYXRlIjozMDAwMDAwMDAwMDAsImRlbGV0ZSI6MzAwMDAwMDAwMDAwLCJ1cGRhdGUiOjEyMDAwMDAwMDAwMH19"
        }
      ]
    }
  ],
  "check_results": null
}
